
Microsoft Visual Studio Solution File, Format Version 12.00
# Visual Studio Version 17
VisualStudioVersion = 17.10.34928.147
MinimumVisualStudioVersion = 10.0.40219.1
Project("{FAE04EC0-301F-11D3-BF4B-00C04F79EFBC}") = "lab06", "lab06\lab06.csproj", "{CCBE6A1A-178C-4D45-8D16-4E391C5CF50C}"
EndProject
Global
	GlobalSection(SolutionConfigurationPlatforms) = preSolution
		Debug|Any CPU = Debug|Any CPU
		Release|Any CPU = Release|Any CPU
	EndGlobalSection
	GlobalSection(ProjectConfigurationPlatforms) = postSolution
		{CCBE6A1A-178C-4D45-8D16-4E391C5CF50C}.Debug|Any CPU.ActiveCfg = Debug|Any CPU
		{CCBE6A1A-178C-4D45-8D16-4E391C5CF50C}.Debug|Any CPU.Build.0 = Debug|Any CPU
		{CCBE6A1A-178C-4D45-8D16-4E391C5CF50C}.Release|Any CPU.ActiveCfg = Release|Any CPU
		{CCBE6A1A-178C-4D45-8D16-4E391C5CF50C}.Release|Any CPU.Build.0 = Release|Any CPU
	EndGlobalSection
	GlobalSection(SolutionProperties) = preSolution
		HideSolutionNode = FALSE
	EndGlobalSection
	GlobalSection(ExtensibilityGlobals) = postSolution
		SolutionGuid = {39F463AA-0F79-488A-989D-31E69BB808A1}
	EndGlobalSection
EndGlobal
